
Microsoft Visual Studio Solution File, Format Version 12.00
# Visual Studio Version 17
VisualStudioVersion = 17.8.34511.84
MinimumVisualStudioVersion = 10.0.40219.1
Project("{FAE04EC0-301F-11D3-BF4B-00C04F79EFBC}") = "BE-U1-W1-D2", "BE-U1-W1-D2.csproj", "{FB13641A-253E-4A8D-9E15-6B1EBFBE753C}"
EndProject
Global
	GlobalSection(SolutionConfigurationPlatforms) = preSolution
		Debug|Any CPU = Debug|Any CPU
		Release|Any CPU = Release|Any CPU
	EndGlobalSection
	GlobalSection(ProjectConfigurationPlatforms) = postSolution
		{FB13641A-253E-4A8D-9E15-6B1EBFBE753C}.Debug|Any CPU.ActiveCfg = Debug|Any CPU
		{FB13641A-253E-4A8D-9E15-6B1EBFBE753C}.Debug|Any CPU.Build.0 = Debug|Any CPU
		{FB13641A-253E-4A8D-9E15-6B1EBFBE753C}.Release|Any CPU.ActiveCfg = Release|Any CPU
		{FB13641A-253E-4A8D-9E15-6B1EBFBE753C}.Release|Any CPU.Build.0 = Release|Any CPU
	EndGlobalSection
	GlobalSection(SolutionProperties) = preSolution
		HideSolutionNode = FALSE
	EndGlobalSection
	GlobalSection(ExtensibilityGlobals) = postSolution
		SolutionGuid = {1C95AE01-6A96-4D57-AA16-9342BF9AE602}
	EndGlobalSection
EndGlobal
